// !$*UTF8*$!
{
	archiveVersion = 1;
	classes = {
	};
	objectVersion = 56;
	objects = {

/* Begin PBXBuildFile section */
		681822082C756789005A0CD1 /* localnews.json in Resources */ = {isa = PBXBuildFile; fileRef = 681822072C756789005A0CD1 /* localnews.json */; };
		68890FCB2C79286A000E3E46 /* SettingsView.swift in Sources */ = {isa = PBXBuildFile; fileRef = 68890FCA2C792865000E3E46 /* SettingsView.swift */; };
		68890FCF2C792894000E3E46 /* RNGView.swift in Sources */ = {isa = PBXBuildFile; fileRef = 68890FCE2C792892000E3E46 /* RNGView.swift */; };
		68890FD12C7928AC000E3E46 /* QRCodeGeneratorView.swift in Sources */ = {isa = PBXBuildFile; fileRef = 68890FD02C7928AB000E3E46 /* QRCodeGeneratorView.swift */; };
		68890FD52C7928FF000E3E46 /* FlashlightView.swift in Sources */ = {isa = PBXBuildFile; fileRef = 68890FD42C7928FD000E3E46 /* FlashlightView.swift */; };
		68890FD72C79292B000E3E46 /* LevelView.swift in Sources */ = {isa = PBXBuildFile; fileRef = 68890FD62C792929000E3E46 /* LevelView.swift */; };
		68890FD92C792941000E3E46 /* DrawingView.swift in Sources */ = {isa = PBXBuildFile; fileRef = 68890FD82C79293F000E3E46 /* DrawingView.swift */; };
		68890FDB2C792954000E3E46 /* UnitConverterView.swift in Sources */ = {isa = PBXBuildFile; fileRef = 68890FDA2C792952000E3E46 /* UnitConverterView.swift */; };
		68890FE22C7929F9000E3E46 /* FancyButtonStyle.swift in Sources */ = {isa = PBXBuildFile; fileRef = 68890FE12C7929F6000E3E46 /* FancyButtonStyle.swift */; };
		68890FE42C792A0C000E3E46 /* FancyCard.swift in Sources */ = {isa = PBXBuildFile; fileRef = 68890FE32C792A09000E3E46 /* FancyCard.swift */; };
		68890FE62C792A1B000E3E46 /* AppTool.swift in Sources */ = {isa = PBXBuildFile; fileRef = 68890FE52C792A19000E3E46 /* AppTool.swift */; };
		68890FE82C792A2A000E3E46 /* SearchBar.swift in Sources */ = {isa = PBXBuildFile; fileRef = 68890FE72C792A28000E3E46 /* SearchBar.swift */; };
		68890FEA2C792A39000E3E46 /* NewsCard.swift in Sources */ = {isa = PBXBuildFile; fileRef = 68890FE92C792A37000E3E46 /* NewsCard.swift */; };
		68890FEC2C792A4E000E3E46 /* NewsItem.swift in Sources */ = {isa = PBXBuildFile; fileRef = 68890FEB2C792A4B000E3E46 /* NewsItem.swift */; };
		68890FEE2C792A5A000E3E46 /* CounterButton.swift in Sources */ = {isa = PBXBuildFile; fileRef = 68890FED2C792A59000E3E46 /* CounterButton.swift */; };
		68890FF02C792A67000E3E46 /* GlassBackground.swift in Sources */ = {isa = PBXBuildFile; fileRef = 68890FEF2C792A65000E3E46 /* GlassBackground.swift */; };
		68890FF22C792A74000E3E46 /* VisualEffectBlur.swift in Sources */ = {isa = PBXBuildFile; fileRef = 68890FF12C792A73000E3E46 /* VisualEffectBlur.swift */; };
		68890FF42C792A84000E3E46 /* BlurView.swift in Sources */ = {isa = PBXBuildFile; fileRef = 68890FF32C792A82000E3E46 /* BlurView.swift */; };
		68890FF62C792A91000E3E46 /* ColorExtensions.swift in Sources */ = {isa = PBXBuildFile; fileRef = 68890FF52C792A90000E3E46 /* ColorExtensions.swift */; };
		68890FF82C792A9F000E3E46 /* FontExtensions.swift in Sources */ = {isa = PBXBuildFile; fileRef = 68890FF72C792A9C000E3E46 /* FontExtensions.swift */; };
		68890FFB2C792BC5000E3E46 /* CountView.swift in Sources */ = {isa = PBXBuildFile; fileRef = 68890FFA2C792BBF000E3E46 /* CountView.swift */; };
		68F7981D2C41ED3F00262CD2 /* StikToolsApp.swift in Sources */ = {isa = PBXBuildFile; fileRef = 68F7981C2C41ED3F00262CD2 /* StikToolsApp.swift */; };
		68F7981F2C41ED3F00262CD2 /* HomeView.swift in Sources */ = {isa = PBXBuildFile; fileRef = 68F7981E2C41ED3F00262CD2 /* HomeView.swift */; };
		68F798212C41ED4000262CD2 /* Assets.xcassets in Resources */ = {isa = PBXBuildFile; fileRef = 68F798202C41ED4000262CD2 /* Assets.xcassets */; };
		68F798242C41ED4000262CD2 /* Preview Assets.xcassets in Resources */ = {isa = PBXBuildFile; fileRef = 68F798232C41ED4000262CD2 /* Preview Assets.xcassets */; };
		68F7982E2C41ED4000262CD2 /* StikToolsTests.swift in Sources */ = {isa = PBXBuildFile; fileRef = 68F7982D2C41ED4000262CD2 /* StikToolsTests.swift */; };
		68F798382C41ED4100262CD2 /* StikToolsUITests.swift in Sources */ = {isa = PBXBuildFile; fileRef = 68F798372C41ED4100262CD2 /* StikToolsUITests.swift */; };
		68F7983A2C41ED4100262CD2 /* StikToolsUITestsLaunchTests.swift in Sources */ = {isa = PBXBuildFile; fileRef = 68F798392C41ED4100262CD2 /* StikToolsUITestsLaunchTests.swift */; };
/* End PBXBuildFile section */

/* Begin PBXContainerItemProxy section */
		68F7982A2C41ED4000262CD2 /* PBXContainerItemProxy */ = {
			isa = PBXContainerItemProxy;
			containerPortal = 68F798112C41ED3F00262CD2 /* Project object */;
			proxyType = 1;
			remoteGlobalIDString = 68F798182C41ED3F00262CD2;
			remoteInfo = StikTools;
		};
		68F798342C41ED4100262CD2 /* PBXContainerItemProxy */ = {
			isa = PBXContainerItemProxy;
			containerPortal = 68F798112C41ED3F00262CD2 /* Project object */;
			proxyType = 1;
			remoteGlobalIDString = 68F798182C41ED3F00262CD2;
			remoteInfo = StikTools;
		};
/* End PBXContainerItemProxy section */

/* Begin PBXCopyFilesBuildPhase section */
		68ECCC662C4F680C00415B1E /* Embed Foundation Extensions */ = {
			isa = PBXCopyFilesBuildPhase;
			buildActionMask = 2147483647;
			dstPath = "";
			dstSubfolderSpec = 13;
			files = (
			);
			name = "Embed Foundation Extensions";
			runOnlyForDeploymentPostprocessing = 0;
		};
/* End PBXCopyFilesBuildPhase section */

/* Begin PBXFileReference section */
		681822072C756789005A0CD1 /* localnews.json */ = {isa = PBXFileReference; lastKnownFileType = text.json; path = localnews.json; sourceTree = "<group>"; };
		68890FCA2C792865000E3E46 /* SettingsView.swift */ = {isa = PBXFileReference; lastKnownFileType = sourcecode.swift; path = SettingsView.swift; sourceTree = "<group>"; };
		68890FCE2C792892000E3E46 /* RNGView.swift */ = {isa = PBXFileReference; lastKnownFileType = sourcecode.swift; path = RNGView.swift; sourceTree = "<group>"; };
		68890FD02C7928AB000E3E46 /* QRCodeGeneratorView.swift */ = {isa = PBXFileReference; lastKnownFileType = sourcecode.swift; path = QRCodeGeneratorView.swift; sourceTree = "<group>"; };
		68890FD42C7928FD000E3E46 /* FlashlightView.swift */ = {isa = PBXFileReference; lastKnownFileType = sourcecode.swift; path = FlashlightView.swift; sourceTree = "<group>"; };
		68890FD62C792929000E3E46 /* LevelView.swift */ = {isa = PBXFileReference; lastKnownFileType = sourcecode.swift; path = LevelView.swift; sourceTree = "<group>"; };
		68890FD82C79293F000E3E46 /* DrawingView.swift */ = {isa = PBXFileReference; lastKnownFileType = sourcecode.swift; path = DrawingView.swift; sourceTree = "<group>"; };
		68890FDA2C792952000E3E46 /* UnitConverterView.swift */ = {isa = PBXFileReference; lastKnownFileType = sourcecode.swift; path = UnitConverterView.swift; sourceTree = "<group>"; };
		68890FE12C7929F6000E3E46 /* FancyButtonStyle.swift */ = {isa = PBXFileReference; lastKnownFileType = sourcecode.swift; path = FancyButtonStyle.swift; sourceTree = "<group>"; };
		68890FE32C792A09000E3E46 /* FancyCard.swift */ = {isa = PBXFileReference; lastKnownFileType = sourcecode.swift; path = FancyCard.swift; sourceTree = "<group>"; };
		68890FE52C792A19000E3E46 /* AppTool.swift */ = {isa = PBXFileReference; lastKnownFileType = sourcecode.swift; path = AppTool.swift; sourceTree = "<group>"; };
		68890FE72C792A28000E3E46 /* SearchBar.swift */ = {isa = PBXFileReference; lastKnownFileType = sourcecode.swift; path = SearchBar.swift; sourceTree = "<group>"; };
		68890FE92C792A37000E3E46 /* NewsCard.swift */ = {isa = PBXFileReference; lastKnownFileType = sourcecode.swift; path = NewsCard.swift; sourceTree = "<group>"; };
		68890FEB2C792A4B000E3E46 /* NewsItem.swift */ = {isa = PBXFileReference; lastKnownFileType = sourcecode.swift; path = NewsItem.swift; sourceTree = "<group>"; };
		68890FED2C792A59000E3E46 /* CounterButton.swift */ = {isa = PBXFileReference; lastKnownFileType = sourcecode.swift; path = CounterButton.swift; sourceTree = "<group>"; };
		68890FEF2C792A65000E3E46 /* GlassBackground.swift */ = {isa = PBXFileReference; lastKnownFileType = sourcecode.swift; path = GlassBackground.swift; sourceTree = "<group>"; };
		68890FF12C792A73000E3E46 /* VisualEffectBlur.swift */ = {isa = PBXFileReference; lastKnownFileType = sourcecode.swift; path = VisualEffectBlur.swift; sourceTree = "<group>"; };
		68890FF32C792A82000E3E46 /* BlurView.swift */ = {isa = PBXFileReference; lastKnownFileType = sourcecode.swift; path = BlurView.swift; sourceTree = "<group>"; };
		68890FF52C792A90000E3E46 /* ColorExtensions.swift */ = {isa = PBXFileReference; lastKnownFileType = sourcecode.swift; path = ColorExtensions.swift; sourceTree = "<group>"; };
		68890FF72C792A9C000E3E46 /* FontExtensions.swift */ = {isa = PBXFileReference; lastKnownFileType = sourcecode.swift; path = FontExtensions.swift; sourceTree = "<group>"; };
		68890FFA2C792BBF000E3E46 /* CountView.swift */ = {isa = PBXFileReference; lastKnownFileType = sourcecode.swift; path = CountView.swift; sourceTree = "<group>"; };
		68ECCC532C4F680A00415B1E /* WidgetKit.framework */ = {isa = PBXFileReference; lastKnownFileType = wrapper.framework; name = WidgetKit.framework; path = System/Library/Frameworks/WidgetKit.framework; sourceTree = SDKROOT; };
		68ECCC552C4F680A00415B1E /* SwiftUI.framework */ = {isa = PBXFileReference; lastKnownFileType = wrapper.framework; name = SwiftUI.framework; path = System/Library/Frameworks/SwiftUI.framework; sourceTree = SDKROOT; };
		68F798192C41ED3F00262CD2 /* StikTools.app */ = {isa = PBXFileReference; explicitFileType = wrapper.application; includeInIndex = 0; path = StikTools.app; sourceTree = BUILT_PRODUCTS_DIR; };
		68F7981C2C41ED3F00262CD2 /* StikToolsApp.swift */ = {isa = PBXFileReference; lastKnownFileType = sourcecode.swift; path = StikToolsApp.swift; sourceTree = "<group>"; };
		68F7981E2C41ED3F00262CD2 /* HomeView.swift */ = {isa = PBXFileReference; lastKnownFileType = sourcecode.swift; path = HomeView.swift; sourceTree = "<group>"; };
		68F798202C41ED4000262CD2 /* Assets.xcassets */ = {isa = PBXFileReference; lastKnownFileType = folder.assetcatalog; path = Assets.xcassets; sourceTree = "<group>"; };
		68F798232C41ED4000262CD2 /* Preview Assets.xcassets */ = {isa = PBXFileReference; lastKnownFileType = folder.assetcatalog; path = "Preview Assets.xcassets"; sourceTree = "<group>"; };
		68F798292C41ED4000262CD2 /* StikToolsTests.xctest */ = {isa = PBXFileReference; explicitFileType = wrapper.cfbundle; includeInIndex = 0; path = StikToolsTests.xctest; sourceTree = BUILT_PRODUCTS_DIR; };
		68F7982D2C41ED4000262CD2 /* StikToolsTests.swift */ = {isa = PBXFileReference; lastKnownFileType = sourcecode.swift; path = StikToolsTests.swift; sourceTree = "<group>"; };
		68F798332C41ED4100262CD2 /* StikToolsUITests.xctest */ = {isa = PBXFileReference; explicitFileType = wrapper.cfbundle; includeInIndex = 0; path = StikToolsUITests.xctest; sourceTree = BUILT_PRODUCTS_DIR; };
		68F798372C41ED4100262CD2 /* StikToolsUITests.swift */ = {isa = PBXFileReference; lastKnownFileType = sourcecode.swift; path = StikToolsUITests.swift; sourceTree = "<group>"; };
		68F798392C41ED4100262CD2 /* StikToolsUITestsLaunchTests.swift */ = {isa = PBXFileReference; lastKnownFileType = sourcecode.swift; path = StikToolsUITestsLaunchTests.swift; sourceTree = "<group>"; };
		68F798462C41F9BD00262CD2 /* Info.plist */ = {isa = PBXFileReference; lastKnownFileType = text.plist; path = Info.plist; sourceTree = "<group>"; };
/* End PBXFileReference section */

/* Begin PBXFrameworksBuildPhase section */
		68F798162C41ED3F00262CD2 /* Frameworks */ = {
			isa = PBXFrameworksBuildPhase;
			buildActionMask = 2147483647;
			files = (
			);
			runOnlyForDeploymentPostprocessing = 0;
		};
		68F798262C41ED4000262CD2 /* Frameworks */ = {
			isa = PBXFrameworksBuildPhase;
			buildActionMask = 2147483647;
			files = (
			);
			runOnlyForDeploymentPostprocessing = 0;
		};
		68F798302C41ED4100262CD2 /* Frameworks */ = {
			isa = PBXFrameworksBuildPhase;
			buildActionMask = 2147483647;
			files = (
			);
			runOnlyForDeploymentPostprocessing = 0;
		};
/* End PBXFrameworksBuildPhase section */

/* Begin PBXGroup section */
		68890FC92C792703000E3E46 /* Views */ = {
			isa = PBXGroup;
			children = (
				68F7981E2C41ED3F00262CD2 /* HomeView.swift */,
				68890FFA2C792BBF000E3E46 /* CountView.swift */,
				68890FCA2C792865000E3E46 /* SettingsView.swift */,
				68890FCE2C792892000E3E46 /* RNGView.swift */,
				68890FD02C7928AB000E3E46 /* QRCodeGeneratorView.swift */,
				68890FD42C7928FD000E3E46 /* FlashlightView.swift */,
				68890FD62C792929000E3E46 /* LevelView.swift */,
				68890FD82C79293F000E3E46 /* DrawingView.swift */,
				68890FDA2C792952000E3E46 /* UnitConverterView.swift */,
			);
			path = Views;
			sourceTree = "<group>";
		};
		68890FDE2C7929B3000E3E46 /* Extensions and other stuff */ = {
			isa = PBXGroup;
			children = (
				68890FE12C7929F6000E3E46 /* FancyButtonStyle.swift */,
				68890FE32C792A09000E3E46 /* FancyCard.swift */,
				68890FE52C792A19000E3E46 /* AppTool.swift */,
				68890FE72C792A28000E3E46 /* SearchBar.swift */,
				68890FE92C792A37000E3E46 /* NewsCard.swift */,
				68890FEB2C792A4B000E3E46 /* NewsItem.swift */,
				68890FED2C792A59000E3E46 /* CounterButton.swift */,
				68890FEF2C792A65000E3E46 /* GlassBackground.swift */,
				68890FF12C792A73000E3E46 /* VisualEffectBlur.swift */,
				68890FF32C792A82000E3E46 /* BlurView.swift */,
				68890FF52C792A90000E3E46 /* ColorExtensions.swift */,
				68890FF72C792A9C000E3E46 /* FontExtensions.swift */,
			);
			path = "Extensions and other stuff";
			sourceTree = "<group>";
		};
		68ECCC522C4F680A00415B1E /* Frameworks */ = {
			isa = PBXGroup;
			children = (
				68ECCC532C4F680A00415B1E /* WidgetKit.framework */,
				68ECCC552C4F680A00415B1E /* SwiftUI.framework */,
			);
			name = Frameworks;
			sourceTree = "<group>";
		};
		68F798102C41ED3F00262CD2 = {
			isa = PBXGroup;
			children = (
				68F7981B2C41ED3F00262CD2 /* StikTools */,
				68F7982C2C41ED4000262CD2 /* StikToolsTests */,
				68F798362C41ED4100262CD2 /* StikToolsUITests */,
				68ECCC522C4F680A00415B1E /* Frameworks */,
				68F7981A2C41ED3F00262CD2 /* Products */,
			);
			sourceTree = "<group>";
		};
		68F7981A2C41ED3F00262CD2 /* Products */ = {
			isa = PBXGroup;
			children = (
				68F798192C41ED3F00262CD2 /* StikTools.app */,
				68F798292C41ED4000262CD2 /* StikToolsTests.xctest */,
				68F798332C41ED4100262CD2 /* StikToolsUITests.xctest */,
			);
			name = Products;
			sourceTree = "<group>";
		};
		68F7981B2C41ED3F00262CD2 /* StikTools */ = {
			isa = PBXGroup;
			children = (
				68F798462C41F9BD00262CD2 /* Info.plist */,
				68F7981C2C41ED3F00262CD2 /* StikToolsApp.swift */,
				681822072C756789005A0CD1 /* localnews.json */,
				68890FC92C792703000E3E46 /* Views */,
				68890FDE2C7929B3000E3E46 /* Extensions and other stuff */,
				68F798202C41ED4000262CD2 /* Assets.xcassets */,
				68F798222C41ED4000262CD2 /* Preview Content */,
			);
			path = StikTools;
			sourceTree = "<group>";
		};
		68F798222C41ED4000262CD2 /* Preview Content */ = {
			isa = PBXGroup;
			children = (
				68F798232C41ED4000262CD2 /* Preview Assets.xcassets */,
			);
			path = "Preview Content";
			sourceTree = "<group>";
		};
		68F7982C2C41ED4000262CD2 /* StikToolsTests */ = {
			isa = PBXGroup;
			children = (
				68F7982D2C41ED4000262CD2 /* StikToolsTests.swift */,
			);
			path = StikToolsTests;
			sourceTree = "<group>";
		};
		68F798362C41ED4100262CD2 /* StikToolsUITests */ = {
			isa = PBXGroup;
			children = (
				68F798372C41ED4100262CD2 /* StikToolsUITests.swift */,
				68F798392C41ED4100262CD2 /* StikToolsUITestsLaunchTests.swift */,
			);
			path = StikToolsUITests;
			sourceTree = "<group>";
		};
/* End PBXGroup section */

/* Begin PBXNativeTarget section */
		68F798182C41ED3F00262CD2 /* StikTools */ = {
			isa = PBXNativeTarget;
			buildConfigurationList = 68F7983D2C41ED4100262CD2 /* Build configuration list for PBXNativeTarget "StikTools" */;
			buildPhases = (
				68F798152C41ED3F00262CD2 /* Sources */,
				68F798162C41ED3F00262CD2 /* Frameworks */,
				68F798172C41ED3F00262CD2 /* Resources */,
				68ECCC662C4F680C00415B1E /* Embed Foundation Extensions */,
			);
			buildRules = (
			);
			dependencies = (
			);
			name = StikTools;
			packageProductDependencies = (
			);
			productName = StikTools;
			productReference = 68F798192C41ED3F00262CD2 /* StikTools.app */;
			productType = "com.apple.product-type.application";
		};
		68F798282C41ED4000262CD2 /* StikToolsTests */ = {
			isa = PBXNativeTarget;
			buildConfigurationList = 68F798402C41ED4100262CD2 /* Build configuration list for PBXNativeTarget "StikToolsTests" */;
			buildPhases = (
				68F798252C41ED4000262CD2 /* Sources */,
				68F798262C41ED4000262CD2 /* Frameworks */,
				68F798272C41ED4000262CD2 /* Resources */,
			);
			buildRules = (
			);
			dependencies = (
				68F7982B2C41ED4000262CD2 /* PBXTargetDependency */,
			);
			name = StikToolsTests;
			productName = StikToolsTests;
			productReference = 68F798292C41ED4000262CD2 /* StikToolsTests.xctest */;
			productType = "com.apple.product-type.bundle.unit-test";
		};
		68F798322C41ED4100262CD2 /* StikToolsUITests */ = {
			isa = PBXNativeTarget;
			buildConfigurationList = 68F798432C41ED4100262CD2 /* Build configuration list for PBXNativeTarget "StikToolsUITests" */;
			buildPhases = (
				68F7982F2C41ED4100262CD2 /* Sources */,
				68F798302C41ED4100262CD2 /* Frameworks */,
				68F798312C41ED4100262CD2 /* Resources */,
			);
			buildRules = (
			);
			dependencies = (
				68F798352C41ED4100262CD2 /* PBXTargetDependency */,
			);
			name = StikToolsUITests;
			productName = StikToolsUITests;
			productReference = 68F798332C41ED4100262CD2 /* StikToolsUITests.xctest */;
			productType = "com.apple.product-type.bundle.ui-testing";
		};
/* End PBXNativeTarget section */

/* Begin PBXProject section */
		68F798112C41ED3F00262CD2 /* Project object */ = {
			isa = PBXProject;
			attributes = {
				BuildIndependentTargetsInParallel = 1;
				LastSwiftUpdateCheck = 1600;
				LastUpgradeCheck = 1540;
				TargetAttributes = {
					68F798182C41ED3F00262CD2 = {
						CreatedOnToolsVersion = 15.4;
					};
					68F798282C41ED4000262CD2 = {
						CreatedOnToolsVersion = 15.4;
						TestTargetID = 68F798182C41ED3F00262CD2;
					};
					68F798322C41ED4100262CD2 = {
						CreatedOnToolsVersion = 15.4;
						TestTargetID = 68F798182C41ED3F00262CD2;
					};
				};
			};
			buildConfigurationList = 68F798142C41ED3F00262CD2 /* Build configuration list for PBXProject "StikTools" */;
			compatibilityVersion = "Xcode 14.0";
			developmentRegion = en;
			hasScannedForEncodings = 0;
			knownRegions = (
				en,
				Base,
			);
			mainGroup = 68F798102C41ED3F00262CD2;
			packageReferences = (
			);
			productRefGroup = 68F7981A2C41ED3F00262CD2 /* Products */;
			projectDirPath = "";
			projectRoot = "";
			targets = (
				68F798182C41ED3F00262CD2 /* StikTools */,
				68F798282C41ED4000262CD2 /* StikToolsTests */,
				68F798322C41ED4100262CD2 /* StikToolsUITests */,
			);
		};
/* End PBXProject section */

/* Begin PBXResourcesBuildPhase section */
		68F798172C41ED3F00262CD2 /* Resources */ = {
			isa = PBXResourcesBuildPhase;
			buildActionMask = 2147483647;
			files = (
				68F798242C41ED4000262CD2 /* Preview Assets.xcassets in Resources */,
				681822082C756789005A0CD1 /* localnews.json in Resources */,
				68F798212C41ED4000262CD2 /* Assets.xcassets in Resources */,
			);
			runOnlyForDeploymentPostprocessing = 0;
		};
		68F798272C41ED4000262CD2 /* Resources */ = {
			isa = PBXResourcesBuildPhase;
			buildActionMask = 2147483647;
			files = (
			);
			runOnlyForDeploymentPostprocessing = 0;
		};
		68F798312C41ED4100262CD2 /* Resources */ = {
			isa = PBXResourcesBuildPhase;
			buildActionMask = 2147483647;
			files = (
			);
			runOnlyForDeploymentPostprocessing = 0;
		};
/* End PBXResourcesBuildPhase section */

/* Begin PBXSourcesBuildPhase section */
		68F798152C41ED3F00262CD2 /* Sources */ = {
			isa = PBXSourcesBuildPhase;
			buildActionMask = 2147483647;
			files = (
				68890FD72C79292B000E3E46 /* LevelView.swift in Sources */,
				68890FEE2C792A5A000E3E46 /* CounterButton.swift in Sources */,
				68890FFB2C792BC5000E3E46 /* CountView.swift in Sources */,
				68890FD52C7928FF000E3E46 /* FlashlightView.swift in Sources */,
				68890FD12C7928AC000E3E46 /* QRCodeGeneratorView.swift in Sources */,
				68890FF22C792A74000E3E46 /* VisualEffectBlur.swift in Sources */,
				68890FD92C792941000E3E46 /* DrawingView.swift in Sources */,
				68890FF82C792A9F000E3E46 /* FontExtensions.swift in Sources */,
				68890FDB2C792954000E3E46 /* UnitConverterView.swift in Sources */,
				68890FF02C792A67000E3E46 /* GlassBackground.swift in Sources */,
				68890FEC2C792A4E000E3E46 /* NewsItem.swift in Sources */,
				68890FE22C7929F9000E3E46 /* FancyButtonStyle.swift in Sources */,
				68890FCB2C79286A000E3E46 /* SettingsView.swift in Sources */,
				68890FE82C792A2A000E3E46 /* SearchBar.swift in Sources */,
				68F7981F2C41ED3F00262CD2 /* HomeView.swift in Sources */,
				68890FEA2C792A39000E3E46 /* NewsCard.swift in Sources */,
				68890FCF2C792894000E3E46 /* RNGView.swift in Sources */,
				68890FE42C792A0C000E3E46 /* FancyCard.swift in Sources */,
				68890FE62C792A1B000E3E46 /* AppTool.swift in Sources */,
				68890FF42C792A84000E3E46 /* BlurView.swift in Sources */,
				68F7981D2C41ED3F00262CD2 /* StikToolsApp.swift in Sources */,
				68890FF62C792A91000E3E46 /* ColorExtensions.swift in Sources */,
			);
			runOnlyForDeploymentPostprocessing = 0;
		};
		68F798252C41ED4000262CD2 /* Sources */ = {
			isa = PBXSourcesBuildPhase;
			buildActionMask = 2147483647;
			files = (
				68F7982E2C41ED4000262CD2 /* StikToolsTests.swift in Sources */,
			);
			runOnlyForDeploymentPostprocessing = 0;
		};
		68F7982F2C41ED4100262CD2 /* Sources */ = {
			isa = PBXSourcesBuildPhase;
			buildActionMask = 2147483647;
			files = (
				68F798382C41ED4100262CD2 /* StikToolsUITests.swift in Sources */,
				68F7983A2C41ED4100262CD2 /* StikToolsUITestsLaunchTests.swift in Sources */,
			);
			runOnlyForDeploymentPostprocessing = 0;
		};
/* End PBXSourcesBuildPhase section */

/* Begin PBXTargetDependency section */
		68F7982B2C41ED4000262CD2 /* PBXTargetDependency */ = {
			isa = PBXTargetDependency;
			target = 68F798182C41ED3F00262CD2 /* StikTools */;
			targetProxy = 68F7982A2C41ED4000262CD2 /* PBXContainerItemProxy */;
		};
		68F798352C41ED4100262CD2 /* PBXTargetDependency */ = {
			isa = PBXTargetDependency;
			target = 68F798182C41ED3F00262CD2 /* StikTools */;
			targetProxy = 68F798342C41ED4100262CD2 /* PBXContainerItemProxy */;
		};
/* End PBXTargetDependency section */

/* Begin XCBuildConfiguration section */
		68F7983B2C41ED4100262CD2 /* Debug */ = {
			isa = XCBuildConfiguration;
			buildSettings = {
				ALWAYS_SEARCH_USER_PATHS = NO;
				ASSETCATALOG_COMPILER_GENERATE_SWIFT_ASSET_SYMBOL_EXTENSIONS = YES;
				CLANG_ANALYZER_NONNULL = YES;
				CLANG_ANALYZER_NUMBER_OBJECT_CONVERSION = YES_AGGRESSIVE;
				CLANG_CXX_LANGUAGE_STANDARD = "gnu++20";
				CLANG_ENABLE_MODULES = YES;
				CLANG_ENABLE_OBJC_ARC = YES;
				CLANG_ENABLE_OBJC_WEAK = YES;
				CLANG_WARN_BLOCK_CAPTURE_AUTORELEASING = YES;
				CLANG_WARN_BOOL_CONVERSION = YES;
				CLANG_WARN_COMMA = YES;
				CLANG_WARN_CONSTANT_CONVERSION = YES;
				CLANG_WARN_DEPRECATED_OBJC_IMPLEMENTATIONS = YES;
				CLANG_WARN_DIRECT_OBJC_ISA_USAGE = YES_ERROR;
				CLANG_WARN_DOCUMENTATION_COMMENTS = YES;
				CLANG_WARN_EMPTY_BODY = YES;
				CLANG_WARN_ENUM_CONVERSION = YES;
				CLANG_WARN_INFINITE_RECURSION = YES;
				CLANG_WARN_INT_CONVERSION = YES;
				CLANG_WARN_NON_LITERAL_NULL_CONVERSION = YES;
				CLANG_WARN_OBJC_IMPLICIT_RETAIN_SELF = YES;
				CLANG_WARN_OBJC_LITERAL_CONVERSION = YES;
				CLANG_WARN_OBJC_ROOT_CLASS = YES_ERROR;
				CLANG_WARN_QUOTED_INCLUDE_IN_FRAMEWORK_HEADER = YES;
				CLANG_WARN_RANGE_LOOP_ANALYSIS = YES;
				CLANG_WARN_STRICT_PROTOTYPES = YES;
				CLANG_WARN_SUSPICIOUS_MOVE = YES;
				CLANG_WARN_UNGUARDED_AVAILABILITY = YES_AGGRESSIVE;
				CLANG_WARN_UNREACHABLE_CODE = YES;
				CLANG_WARN__DUPLICATE_METHOD_MATCH = YES;
				COPY_PHASE_STRIP = NO;
				DEBUG_INFORMATION_FORMAT = dwarf;
				ENABLE_STRICT_OBJC_MSGSEND = YES;
				ENABLE_TESTABILITY = YES;
				ENABLE_USER_SCRIPT_SANDBOXING = YES;
				GCC_C_LANGUAGE_STANDARD = gnu17;
				GCC_DYNAMIC_NO_PIC = NO;
				GCC_NO_COMMON_BLOCKS = YES;
				GCC_OPTIMIZATION_LEVEL = 0;
				GCC_PREPROCESSOR_DEFINITIONS = (
					"DEBUG=1",
					"$(inherited)",
				);
				GCC_WARN_64_TO_32_BIT_CONVERSION = YES;
				GCC_WARN_ABOUT_RETURN_TYPE = YES_ERROR;
				GCC_WARN_UNDECLARED_SELECTOR = YES;
				GCC_WARN_UNINITIALIZED_AUTOS = YES_AGGRESSIVE;
				GCC_WARN_UNUSED_FUNCTION = YES;
				GCC_WARN_UNUSED_VARIABLE = YES;
				IPHONEOS_DEPLOYMENT_TARGET = 17.5;
				LOCALIZATION_PREFERS_STRING_CATALOGS = YES;
				MTL_ENABLE_DEBUG_INFO = INCLUDE_SOURCE;
				MTL_FAST_MATH = YES;
				ONLY_ACTIVE_ARCH = YES;
				SDKROOT = iphoneos;
				SWIFT_ACTIVE_COMPILATION_CONDITIONS = "DEBUG $(inherited)";
				SWIFT_OPTIMIZATION_LEVEL = "-Onone";
			};
			name = Debug;
		};
		68F7983C2C41ED4100262CD2 /* Release */ = {
			isa = XCBuildConfiguration;
			buildSettings = {
				ALWAYS_SEARCH_USER_PATHS = NO;
				ASSETCATALOG_COMPILER_GENERATE_SWIFT_ASSET_SYMBOL_EXTENSIONS = YES;
				CLANG_ANALYZER_NONNULL = YES;
				CLANG_ANALYZER_NUMBER_OBJECT_CONVERSION = YES_AGGRESSIVE;
				CLANG_CXX_LANGUAGE_STANDARD = "gnu++20";
				CLANG_ENABLE_MODULES = YES;
				CLANG_ENABLE_OBJC_ARC = YES;
				CLANG_ENABLE_OBJC_WEAK = YES;
				CLANG_WARN_BLOCK_CAPTURE_AUTORELEASING = YES;
				CLANG_WARN_BOOL_CONVERSION = YES;
				CLANG_WARN_COMMA = YES;
				CLANG_WARN_CONSTANT_CONVERSION = YES;
				CLANG_WARN_DEPRECATED_OBJC_IMPLEMENTATIONS = YES;
				CLANG_WARN_DIRECT_OBJC_ISA_USAGE = YES_ERROR;
				CLANG_WARN_DOCUMENTATION_COMMENTS = YES;
				CLANG_WARN_EMPTY_BODY = YES;
				CLANG_WARN_ENUM_CONVERSION = YES;
				CLANG_WARN_INFINITE_RECURSION = YES;
				CLANG_WARN_INT_CONVERSION = YES;
				CLANG_WARN_NON_LITERAL_NULL_CONVERSION = YES;
				CLANG_WARN_OBJC_IMPLICIT_RETAIN_SELF = YES;
				CLANG_WARN_OBJC_LITERAL_CONVERSION = YES;
				CLANG_WARN_OBJC_ROOT_CLASS = YES_ERROR;
				CLANG_WARN_QUOTED_INCLUDE_IN_FRAMEWORK_HEADER = YES;
				CLANG_WARN_RANGE_LOOP_ANALYSIS = YES;
				CLANG_WARN_STRICT_PROTOTYPES = YES;
				CLANG_WARN_SUSPICIOUS_MOVE = YES;
				CLANG_WARN_UNGUARDED_AVAILABILITY = YES_AGGRESSIVE;
				CLANG_WARN_UNREACHABLE_CODE = YES;
				CLANG_WARN__DUPLICATE_METHOD_MATCH = YES;
				COPY_PHASE_STRIP = NO;
				DEBUG_INFORMATION_FORMAT = "dwarf-with-dsym";
				ENABLE_NS_ASSERTIONS = NO;
				ENABLE_STRICT_OBJC_MSGSEND = YES;
				ENABLE_USER_SCRIPT_SANDBOXING = YES;
				GCC_C_LANGUAGE_STANDARD = gnu17;
				GCC_NO_COMMON_BLOCKS = YES;
				GCC_WARN_64_TO_32_BIT_CONVERSION = YES;
				GCC_WARN_ABOUT_RETURN_TYPE = YES_ERROR;
				GCC_WARN_UNDECLARED_SELECTOR = YES;
				GCC_WARN_UNINITIALIZED_AUTOS = YES_AGGRESSIVE;
				GCC_WARN_UNUSED_FUNCTION = YES;
				GCC_WARN_UNUSED_VARIABLE = YES;
				IPHONEOS_DEPLOYMENT_TARGET = 17.5;
				LOCALIZATION_PREFERS_STRING_CATALOGS = YES;
				MTL_ENABLE_DEBUG_INFO = NO;
				MTL_FAST_MATH = YES;
				SDKROOT = iphoneos;
				SWIFT_COMPILATION_MODE = wholemodule;
				VALIDATE_PRODUCT = YES;
			};
			name = Release;
		};
		68F7983E2C41ED4100262CD2 /* Debug */ = {
			isa = XCBuildConfiguration;
			buildSettings = {
				ASSETCATALOG_COMPILER_ALTERNATE_APPICON_NAMES = "YellowIcon BlackIcon BlueIcon OrIcon GreenIcon TealIcon WhiteIcon";
				ASSETCATALOG_COMPILER_APPICON_NAME = AppIcon;
				ASSETCATALOG_COMPILER_GLOBAL_ACCENT_COLOR_NAME = AccentColor;
				ASSETCATALOG_COMPILER_INCLUDE_ALL_APPICON_ASSETS = YES;
				CODE_SIGN_STYLE = Automatic;
				CURRENT_PROJECT_VERSION = 1;
				DEVELOPMENT_ASSET_PATHS = "\"StikTools/Preview Content\"";
				DEVELOPMENT_TEAM = SZ977XLF24;
				ENABLE_PREVIEWS = YES;
				GENERATE_INFOPLIST_FILE = YES;
				INFOPLIST_FILE = StikTools/Info.plist;
				INFOPLIST_KEY_NSPhotoLibraryAddUsageDescription = "To save generated QR codes to your photo library.";
				INFOPLIST_KEY_UIApplicationSceneManifest_Generation = YES;
				INFOPLIST_KEY_UIApplicationSupportsIndirectInputEvents = YES;
				INFOPLIST_KEY_UILaunchScreen_Generation = YES;
				INFOPLIST_KEY_UISupportedInterfaceOrientations = UIInterfaceOrientationPortrait;
				INFOPLIST_KEY_UISupportedInterfaceOrientations_iPad = "UIInterfaceOrientationLandscapeLeft UIInterfaceOrientationLandscapeRight UIInterfaceOrientationPortrait UIInterfaceOrientationPortraitUpsideDown";
				IPHONEOS_DEPLOYMENT_TARGET = 16.0;
				LD_RUNPATH_SEARCH_PATHS = (
					"$(inherited)",
					"@executable_path/Frameworks",
				);
				MARKETING_VERSION = 1.1.0;
				PRODUCT_BUNDLE_IDENTIFIER = com.stik.StikTools;
				PRODUCT_NAME = "$(TARGET_NAME)";
				REGISTER_APP_GROUPS = NO;
				SUPPORTED_PLATFORMS = "iphoneos iphonesimulator macosx";
				SUPPORTS_MACCATALYST = NO;
				SWIFT_EMIT_LOC_STRINGS = YES;
				SWIFT_VERSION = 5.0;
				TARGETED_DEVICE_FAMILY = "1,2";
			};
			name = Debug;
		};
		68F7983F2C41ED4100262CD2 /* Release */ = {
			isa = XCBuildConfiguration;
			buildSettings = {
				ASSETCATALOG_COMPILER_ALTERNATE_APPICON_NAMES = "YellowIcon BlackIcon BlueIcon OrIcon GreenIcon TealIcon WhiteIcon";
				ASSETCATALOG_COMPILER_APPICON_NAME = AppIcon;
				ASSETCATALOG_COMPILER_GLOBAL_ACCENT_COLOR_NAME = AccentColor;
				ASSETCATALOG_COMPILER_INCLUDE_ALL_APPICON_ASSETS = YES;
				CODE_SIGN_STYLE = Automatic;
				CURRENT_PROJECT_VERSION = 1;
				DEVELOPMENT_ASSET_PATHS = "\"StikTools/Preview Content\"";
				DEVELOPMENT_TEAM = SZ977XLF24;
				ENABLE_PREVIEWS = YES;
				GENERATE_INFOPLIST_FILE = YES;
				INFOPLIST_FILE = StikTools/Info.plist;
				INFOPLIST_KEY_NSPhotoLibraryAddUsageDescription = "To save generated QR codes to your photo library.";
				INFOPLIST_KEY_UIApplicationSceneManifest_Generation = YES;
				INFOPLIST_KEY_UIApplicationSupportsIndirectInputEvents = YES;
				INFOPLIST_KEY_UILaunchScreen_Generation = YES;
				INFOPLIST_KEY_UISupportedInterfaceOrientations = UIInterfaceOrientationPortrait;
				INFOPLIST_KEY_UISupportedInterfaceOrientations_iPad = "UIInterfaceOrientationLandscapeLeft UIInterfaceOrientationLandscapeRight UIInterfaceOrientationPortrait UIInterfaceOrientationPortraitUpsideDown";
				IPHONEOS_DEPLOYMENT_TARGET = 16.0;
				LD_RUNPATH_SEARCH_PATHS = (
					"$(inherited)",
					"@executable_path/Frameworks",
				);
				MARKETING_VERSION = 1.1.0;
				PRODUCT_BUNDLE_IDENTIFIER = com.stik.StikTools;
				PRODUCT_NAME = "$(TARGET_NAME)";
				REGISTER_APP_GROUPS = NO;
				SUPPORTED_PLATFORMS = "iphoneos iphonesimulator macosx";
				SUPPORTS_MACCATALYST = NO;
				SWIFT_EMIT_LOC_STRINGS = YES;
				SWIFT_VERSION = 5.0;
				TARGETED_DEVICE_FAMILY = "1,2";
			};
			name = Release;
		};
		68F798412C41ED4100262CD2 /* Debug */ = {
			isa = XCBuildConfiguration;
			buildSettings = {
				ALWAYS_EMBED_SWIFT_STANDARD_LIBRARIES = YES;
				BUNDLE_LOADER = "$(TEST_HOST)";
				CODE_SIGN_STYLE = Automatic;
				CURRENT_PROJECT_VERSION = 1;
				DEVELOPMENT_TEAM = 2743MYJ5UC;
				GENERATE_INFOPLIST_FILE = YES;
				IPHONEOS_DEPLOYMENT_TARGET = 17.5;
				MARKETING_VERSION = 1.0;
				PRODUCT_BUNDLE_IDENTIFIER = com.stik.StikToolsTests;
				PRODUCT_NAME = "$(TARGET_NAME)";
				SWIFT_EMIT_LOC_STRINGS = NO;
				SWIFT_VERSION = 5.0;
				TARGETED_DEVICE_FAMILY = "1,2";
				TEST_HOST = "$(BUILT_PRODUCTS_DIR)/StikTools.app/$(BUNDLE_EXECUTABLE_FOLDER_PATH)/StikTools";
			};
			name = Debug;
		};
		68F798422C41ED4100262CD2 /* Release */ = {
			isa = XCBuildConfiguration;
			buildSettings = {
				ALWAYS_EMBED_SWIFT_STANDARD_LIBRARIES = YES;
				BUNDLE_LOADER = "$(TEST_HOST)";
				CODE_SIGN_STYLE = Automatic;
				CURRENT_PROJECT_VERSION = 1;
				DEVELOPMENT_TEAM = 2743MYJ5UC;
				GENERATE_INFOPLIST_FILE = YES;
				IPHONEOS_DEPLOYMENT_TARGET = 17.5;
				MARKETING_VERSION = 1.0;
				PRODUCT_BUNDLE_IDENTIFIER = com.stik.StikToolsTests;
				PRODUCT_NAME = "$(TARGET_NAME)";
				SWIFT_EMIT_LOC_STRINGS = NO;
				SWIFT_VERSION = 5.0;
				TARGETED_DEVICE_FAMILY = "1,2";
				TEST_HOST = "$(BUILT_PRODUCTS_DIR)/StikTools.app/$(BUNDLE_EXECUTABLE_FOLDER_PATH)/StikTools";
			};
			name = Release;
		};
		68F798442C41ED4100262CD2 /* Debug */ = {
			isa = XCBuildConfiguration;
			buildSettings = {
				ALWAYS_EMBED_SWIFT_STANDARD_LIBRARIES = YES;
				CODE_SIGN_STYLE = Automatic;
				CURRENT_PROJECT_VERSION = 1;
				DEVELOPMENT_TEAM = 2743MYJ5UC;
				GENERATE_INFOPLIST_FILE = YES;
				MARKETING_VERSION = 1.0;
				PRODUCT_BUNDLE_IDENTIFIER = com.stik.StikToolsUITests;
				PRODUCT_NAME = "$(TARGET_NAME)";
				SWIFT_EMIT_LOC_STRINGS = NO;
				SWIFT_VERSION = 5.0;
				TARGETED_DEVICE_FAMILY = "1,2";
				TEST_TARGET_NAME = StikTools;
			};
			name = Debug;
		};
		68F798452C41ED4100262CD2 /* Release */ = {
			isa = XCBuildConfiguration;
			buildSettings = {
				ALWAYS_EMBED_SWIFT_STANDARD_LIBRARIES = YES;
				CODE_SIGN_STYLE = Automatic;
				CURRENT_PROJECT_VERSION = 1;
				DEVELOPMENT_TEAM = 2743MYJ5UC;
				GENERATE_INFOPLIST_FILE = YES;
				MARKETING_VERSION = 1.0;
				PRODUCT_BUNDLE_IDENTIFIER = com.stik.StikToolsUITests;
				PRODUCT_NAME = "$(TARGET_NAME)";
				SWIFT_EMIT_LOC_STRINGS = NO;
				SWIFT_VERSION = 5.0;
				TARGETED_DEVICE_FAMILY = "1,2";
				TEST_TARGET_NAME = StikTools;
			};
			name = Release;
		};
/* End XCBuildConfiguration section */

/* Begin XCConfigurationList section */
		68F798142C41ED3F00262CD2 /* Build configuration list for PBXProject "StikTools" */ = {
			isa = XCConfigurationList;
			buildConfigurations = (
				68F7983B2C41ED4100262CD2 /* Debug */,
				68F7983C2C41ED4100262CD2 /* Release */,
			);
			defaultConfigurationIsVisible = 0;
			defaultConfigurationName = Release;
		};
		68F7983D2C41ED4100262CD2 /* Build configuration list for PBXNativeTarget "StikTools" */ = {
			isa = XCConfigurationList;
			buildConfigurations = (
				68F7983E2C41ED4100262CD2 /* Debug */,
				68F7983F2C41ED4100262CD2 /* Release */,
			);
			defaultConfigurationIsVisible = 0;
			defaultConfigurationName = Release;
		};
		68F798402C41ED4100262CD2 /* Build configuration list for PBXNativeTarget "StikToolsTests" */ = {
			isa = XCConfigurationList;
			buildConfigurations = (
				68F798412C41ED4100262CD2 /* Debug */,
				68F798422C41ED4100262CD2 /* Release */,
			);
			defaultConfigurationIsVisible = 0;
			defaultConfigurationName = Release;
		};
		68F798432C41ED4100262CD2 /* Build configuration list for PBXNativeTarget "StikToolsUITests" */ = {
			isa = XCConfigurationList;
			buildConfigurations = (
				68F798442C41ED4100262CD2 /* Debug */,
				68F798452C41ED4100262CD2 /* Release */,
			);
			defaultConfigurationIsVisible = 0;
			defaultConfigurationName = Release;
		};
/* End XCConfigurationList section */
	};
	rootObject = 68F798112C41ED3F00262CD2 /* Project object */;
}
